// !$*UTF8*$!
{
	archiveVersion = 1;
	classes = {
	};
	objectVersion = 50;
	objects = {

/* Begin PBXBuildFile section */
		AA15DFC323C0389B00BF6807 /* AppDelegate.swift in Sources */ = {isa = PBXBuildFile; fileRef = AA15DFC223C0389B00BF6807 /* AppDelegate.swift */; };
		AA15DFC523C0389B00BF6807 /* SceneDelegate.swift in Sources */ = {isa = PBXBuildFile; fileRef = AA15DFC423C0389B00BF6807 /* SceneDelegate.swift */; };
		AA15DFC723C0389B00BF6807 /* ViewController.swift in Sources */ = {isa = PBXBuildFile; fileRef = AA15DFC623C0389B00BF6807 /* ViewController.swift */; };
		AA15DFCA23C0389B00BF6807 /* Main.storyboard in Resources */ = {isa = PBXBuildFile; fileRef = AA15DFC823C0389B00BF6807 /* Main.storyboard */; };
		AA15DFCC23C0389F00BF6807 /* Assets.xcassets in Resources */ = {isa = PBXBuildFile; fileRef = AA15DFCB23C0389F00BF6807 /* Assets.xcassets */; };
		AA15DFCF23C0389F00BF6807 /* LaunchScreen.storyboard in Resources */ = {isa = PBXBuildFile; fileRef = AA15DFCD23C0389F00BF6807 /* LaunchScreen.storyboard */; };
/* End PBXBuildFile section */

/* Begin PBXFileReference section */
		AA15DFBF23C0389B00BF6807 /* semaphoreTest.app */ = {isa = PBXFileReference; explicitFileType = wrapper.application; includeInIndex = 0; path = semaphoreTest.app; sourceTree = BUILT_PRODUCTS_DIR; };
		AA15DFC223C0389B00BF6807 /* AppDelegate.swift */ = {isa = PBXFileReference; lastKnownFileType = sourcecode.swift; path = AppDelegate.swift; sourceTree = "<group>"; };
		AA15DFC423C0389B00BF6807 /* SceneDelegate.swift */ = {isa = PBXFileReference; lastKnownFileType = sourcecode.swift; path = SceneDelegate.swift; sourceTree = "<group>"; };
		AA15DFC623C0389B00BF6807 /* ViewController.swift */ = {isa = PBXFileReference; lastKnownFileType = sourcecode.swift; path = ViewController.swift; sourceTree = "<group>"; };
		AA15DFC923C0389B00BF6807 /* Base */ = {isa = PBXFileReference; lastKnownFileType = file.storyboard; name = Base; path = Base.lproj/Main.storyboard; sourceTree = "<group>"; };
		AA15DFCB23C0389F00BF6807 /* Assets.xcassets */ = {isa = PBXFileReference; lastKnownFileType = folder.assetcatalog; path = Assets.xcassets; sourceTree = "<group>"; };
		AA15DFCE23C0389F00BF6807 /* Base */ = {isa = PBXFileReference; lastKnownFileType = file.storyboard; name = Base; path = Base.lproj/LaunchScreen.storyboard; sourceTree = "<group>"; };
		AA15DFD023C0389F00BF6807 /* Info.plist */ = {isa = PBXFileReference; lastKnownFileType = text.plist.xml; path = Info.plist; sourceTree = "<group>"; };
/* End PBXFileReference section */

/* Begin PBXFrameworksBuildPhase section */
		AA15DFBC23C0389B00BF6807 /* Frameworks */ = {
			isa = PBXFrameworksBuildPhase;
			buildActionMask = 2147483647;
			files = (
			);
			runOnlyForDeploymentPostprocessing = 0;
		};
/* End PBXFrameworksBuildPhase section */

/* Begin PBXGroup section */
		AA15DFB623C0389B00BF6807 = {
			isa = PBXGroup;
			children = (
				AA15DFC123C0389B00BF6807 /* semaphoreTest */,
				AA15DFC023C0389B00BF6807 /* Products */,
			);
			sourceTree = "<group>";
		};
		AA15DFC023C0389B00BF6807 /* Products */ = {
			isa = PBXGroup;
			children = (
				AA15DFBF23C0389B00BF6807 /* semaphoreTest.app */,
			);
			name = Products;
			sourceTree = "<group>";
		};
		AA15DFC123C0389B00BF6807 /* semaphoreTest */ = {
			isa = PBXGroup;
			children = (
				AA15DFC223C0389B00BF6807 /* AppDelegate.swift */,
				AA15DFC423C0389B00BF6807 /* SceneDelegate.swift */,
				AA15DFC623C0389B00BF6807 /* ViewController.swift */,
				AA15DFC823C0389B00BF6807 /* Main.storyboard */,
				AA15DFCB23C0389F00BF6807 /* Assets.xcassets */,
				AA15DFCD23C0389F00BF6807 /* LaunchScreen.storyboard */,
				AA15DFD023C0389F00BF6807 /* Info.plist */,
			);
			path = semaphoreTest;
			sourceTree = "<group>";
		};
/* End PBXGroup section */

/* Begin PBXNativeTarget section */
		AA15DFBE23C0389B00BF6807 /* semaphoreTest */ = {
			isa = PBXNativeTarget;
			buildConfigurationList = AA15DFD323C0389F00BF6807 /* Build configuration list for PBXNativeTarget "semaphoreTest" */;
			buildPhases = (
				AA15DFBB23C0389B00BF6807 /* Sources */,
				AA15DFBC23C0389B00BF6807 /* Frameworks */,
				AA15DFBD23C0389B00BF6807 /* Resources */,
			);
			buildRules = (
			);
			dependencies = (
			);
			name = semaphoreTest;
			productName = semaphoreTest;
			productReference = AA15DFBF23C0389B00BF6807 /* semaphoreTest.app */;
			productType = "com.apple.product-type.application";
		};
/* End PBXNativeTarget section */

/* Begin PBXProject section */
		AA15DFB723C0389B00BF6807 /* Project object */ = {
			isa = PBXProject;
			attributes = {
				LastSwiftUpdateCheck = 1130;
				LastUpgradeCheck = 1130;
				ORGANIZATIONNAME = playplay;
				TargetAttributes = {
					AA15DFBE23C0389B00BF6807 = {
						CreatedOnToolsVersion = 11.3;
					};
				};
			};
			buildConfigurationList = AA15DFBA23C0389B00BF6807 /* Build configuration list for PBXProject "semaphoreTest" */;
			compatibilityVersion = "Xcode 9.3";
			developmentRegion = en;
			hasScannedForEncodings = 0;
			knownRegions = (
				en,
				Base,
			);
			mainGroup = AA15DFB623C0389B00BF6807;
			productRefGroup = AA15DFC023C0389B00BF6807 /* Products */;
			projectDirPath = "";
			projectRoot = "";
			targets = (
				AA15DFBE23C0389B00BF6807 /* semaphoreTest */,
			);
		};
/* End PBXProject section */

/* Begin PBXResourcesBuildPhase section */
		AA15DFBD23C0389B00BF6807 /* Resources */ = {
			isa = PBXResourcesBuildPhase;
			buildActionMask = 2147483647;
			files = (
				AA15DFCF23C0389F00BF6807 /* LaunchScreen.storyboard in Resources */,
				AA15DFCC23C0389F00BF6807 /* Assets.xcassets in Resources */,
				AA15DFCA23C0389B00BF6807 /* Main.storyboard in Resources */,
			);
			runOnlyForDeploymentPostprocessing = 0;
		};
/* End PBXResourcesBuildPhase section */

/* Begin PBXSourcesBuildPhase section */
		AA15DFBB23C0389B00BF6807 /* Sources */ = {
			isa = PBXSourcesBuildPhase;
			buildActionMask = 2147483647;
			files = (
				AA15DFC723C0389B00BF6807 /* ViewController.swift in Sources */,
				AA15DFC323C0389B00BF6807 /* AppDelegate.swift in Sources */,
				AA15DFC523C0389B00BF6807 /* SceneDelegate.swift in Sources */,
			);
			runOnlyForDeploymentPostprocessing = 0;
		};
/* End PBXSourcesBuildPhase section */

/* Begin PBXVariantGroup section */
		AA15DFC823C0389B00BF6807 /* Main.storyboard */ = {
			isa = PBXVariantGroup;
			children = (
				AA15DFC923C0389B00BF6807 /* Base */,
			);
			name = Main.storyboard;
			sourceTree = "<group>";
		};
		AA15DFCD23C0389F00BF6807 /* LaunchScreen.storyboard */ = {
			isa = PBXVariantGroup;
			children = (
				AA15DFCE23C0389F00BF6807 /* Base */,
			);
			name = LaunchScreen.storyboard;
			sourceTree = "<group>";
		};
/* End PBXVariantGroup section */

/* Begin XCBuildConfiguration section */
		AA15DFD123C0389F00BF6807 /* Debug */ = {
			isa = XCBuildConfiguration;
			buildSettings = {
				ALWAYS_SEARCH_USER_PATHS = NO;
				CLANG_ANALYZER_NONNULL = YES;
				CLANG_ANALYZER_NUMBER_OBJECT_CONVERSION = YES_AGGRESSIVE;
				CLANG_CXX_LANGUAGE_STANDARD = "gnu++14";
				CLANG_CXX_LIBRARY = "libc++";
				CLANG_ENABLE_MODULES = YES;
				CLANG_ENABLE_OBJC_ARC = YES;
				CLANG_ENABLE_OBJC_WEAK = YES;
				CLANG_WARN_BLOCK_CAPTURE_AUTORELEASING = YES;
				CLANG_WARN_BOOL_CONVERSION = YES;
				CLANG_WARN_COMMA = YES;
				CLANG_WARN_CONSTANT_CONVERSION = YES;
				CLANG_WARN_DEPRECATED_OBJC_IMPLEMENTATIONS = YES;
				CLANG_WARN_DIRECT_OBJC_ISA_USAGE = YES_ERROR;
				CLANG_WARN_DOCUMENTATION_COMMENTS = YES;
				CLANG_WARN_EMPTY_BODY = YES;
				CLANG_WARN_ENUM_CONVERSION = YES;
				CLANG_WARN_INFINITE_RECURSION = YES;
				CLANG_WARN_INT_CONVERSION = YES;
				CLANG_WARN_NON_LITERAL_NULL_CONVERSION = YES;
				CLANG_WARN_OBJC_IMPLICIT_RETAIN_SELF = YES;
				CLANG_WARN_OBJC_LITERAL_CONVERSION = YES;
				CLANG_WARN_OBJC_ROOT_CLASS = YES_ERROR;
				CLANG_WARN_RANGE_LOOP_ANALYSIS = YES;
				CLANG_WARN_STRICT_PROTOTYPES = YES;
				CLANG_WARN_SUSPICIOUS_MOVE = YES;
				CLANG_WARN_UNGUARDED_AVAILABILITY = YES_AGGRESSIVE;
				CLANG_WARN_UNREACHABLE_CODE = YES;
				CLANG_WARN__DUPLICATE_METHOD_MATCH = YES;
				COPY_PHASE_STRIP = NO;
				DEBUG_INFORMATION_FORMAT = dwarf;
				ENABLE_STRICT_OBJC_MSGSEND = YES;
				ENABLE_TESTABILITY = YES;
				GCC_C_LANGUAGE_STANDARD = gnu11;
				GCC_DYNAMIC_NO_PIC = NO;
				GCC_NO_COMMON_BLOCKS = YES;
				GCC_OPTIMIZATION_LEVEL = 0;
				GCC_PREPROCESSOR_DEFINITIONS = (
					"DEBUG=1",
					"$(inherited)",
				);
				GCC_WARN_64_TO_32_BIT_CONVERSION = YES;
				GCC_WARN_ABOUT_RETURN_TYPE = YES_ERROR;
				GCC_WARN_UNDECLARED_SELECTOR = YES;
				GCC_WARN_UNINITIALIZED_AUTOS = YES_AGGRESSIVE;
				GCC_WARN_UNUSED_FUNCTION = YES;
				GCC_WARN_UNUSED_VARIABLE = YES;
				IPHONEOS_DEPLOYMENT_TARGET = 13.2;
				MTL_ENABLE_DEBUG_INFO = INCLUDE_SOURCE;
				MTL_FAST_MATH = YES;
				ONLY_ACTIVE_ARCH = YES;
				SDKROOT = iphoneos;
				SWIFT_ACTIVE_COMPILATION_CONDITIONS = DEBUG;
				SWIFT_OPTIMIZATION_LEVEL = "-Onone";
			};
			name = Debug;
		};
		AA15DFD223C0389F00BF6807 /* Release */ = {
			isa = XCBuildConfiguration;
			buildSettings = {
				ALWAYS_SEARCH_USER_PATHS = NO;
				CLANG_ANALYZER_NONNULL = YES;
				CLANG_ANALYZER_NUMBER_OBJECT_CONVERSION = YES_AGGRESSIVE;
				CLANG_CXX_LANGUAGE_STANDARD = "gnu++14";
				CLANG_CXX_LIBRARY = "libc++";
				CLANG_ENABLE_MODULES = YES;
				CLANG_ENABLE_OBJC_ARC = YES;
				CLANG_ENABLE_OBJC_WEAK = YES;
				CLANG_WARN_BLOCK_CAPTURE_AUTORELEASING = YES;
				CLANG_WARN_BOOL_CONVERSION = YES;
				CLANG_WARN_COMMA = YES;
				CLANG_WARN_CONSTANT_CONVERSION = YES;
				CLANG_WARN_DEPRECATED_OBJC_IMPLEMENTATIONS = YES;
				CLANG_WARN_DIRECT_OBJC_ISA_USAGE = YES_ERROR;
				CLANG_WARN_DOCUMENTATION_COMMENTS = YES;
				CLANG_WARN_EMPTY_BODY = YES;
				CLANG_WARN_ENUM_CONVERSION = YES;
				CLANG_WARN_INFINITE_RECURSION = YES;
				CLANG_WARN_INT_CONVERSION = YES;
				CLANG_WARN_NON_LITERAL_NULL_CONVERSION = YES;
				CLANG_WARN_OBJC_IMPLICIT_RETAIN_SELF = YES;
				CLANG_WARN_OBJC_LITERAL_CONVERSION = YES;
				CLANG_WARN_OBJC_ROOT_CLASS = YES_ERROR;
				CLANG_WARN_RANGE_LOOP_ANALYSIS = YES;
				CLANG_WARN_STRICT_PROTOTYPES = YES;
				CLANG_WARN_SUSPICIOUS_MOVE = YES;
				CLANG_WARN_UNGUARDED_AVAILABILITY = YES_AGGRESSIVE;
				CLANG_WARN_UNREACHABLE_CODE = YES;
				CLANG_WARN__DUPLICATE_METHOD_MATCH = YES;
				COPY_PHASE_STRIP = NO;
				DEBUG_INFORMATION_FORMAT = "dwarf-with-dsym";
				ENABLE_NS_ASSERTIONS = NO;
				ENABLE_STRICT_OBJC_MSGSEND = YES;
				GCC_C_LANGUAGE_STANDARD = gnu11;
				GCC_NO_COMMON_BLOCKS = YES;
				GCC_WARN_64_TO_32_BIT_CONVERSION = YES;
				GCC_WARN_ABOUT_RETURN_TYPE = YES_ERROR;
				GCC_WARN_UNDECLARED_SELECTOR = YES;
				GCC_WARN_UNINITIALIZED_AUTOS = YES_AGGRESSIVE;
				GCC_WARN_UNUSED_FUNCTION = YES;
				GCC_WARN_UNUSED_VARIABLE = YES;
				IPHONEOS_DEPLOYMENT_TARGET = 13.2;
				MTL_ENABLE_DEBUG_INFO = NO;
				MTL_FAST_MATH = YES;
				SDKROOT = iphoneos;
				SWIFT_COMPILATION_MODE = wholemodule;
				SWIFT_OPTIMIZATION_LEVEL = "-O";
				VALIDATE_PRODUCT = YES;
			};
			name = Release;
		};
		AA15DFD423C0389F00BF6807 /* Debug */ = {
			isa = XCBuildConfiguration;
			buildSettings = {
				ASSETCATALOG_COMPILER_APPICON_NAME = AppIcon;
				CODE_SIGN_STYLE = Automatic;
				DEVELOPMENT_TEAM = JGBAS79AJ4;
				INFOPLIST_FILE = semaphoreTest/Info.plist;
				LD_RUNPATH_SEARCH_PATHS = (
					"$(inherited)",
					"@executable_path/Frameworks",
				);
				PRODUCT_BUNDLE_IDENTIFIER = com.playplay.semaphoreTest;
				PRODUCT_NAME = "$(TARGET_NAME)";
				SWIFT_VERSION = 5.0;
				TARGETED_DEVICE_FAMILY = "1,2";
			};
			name = Debug;
		};
		AA15DFD523C0389F00BF6807 /* Release */ = {
			isa = XCBuildConfiguration;
			buildSettings = {
				ASSETCATALOG_COMPILER_APPICON_NAME = AppIcon;
				CODE_SIGN_STYLE = Automatic;
				DEVELOPMENT_TEAM = JGBAS79AJ4;
				INFOPLIST_FILE = semaphoreTest/Info.plist;
				LD_RUNPATH_SEARCH_PATHS = (
					"$(inherited)",
					"@executable_path/Frameworks",
				);
				PRODUCT_BUNDLE_IDENTIFIER = com.playplay.semaphoreTest;
				PRODUCT_NAME = "$(TARGET_NAME)";
				SWIFT_VERSION = 5.0;
				TARGETED_DEVICE_FAMILY = "1,2";
			};
			name = Release;
		};
/* End XCBuildConfiguration section */

/* Begin XCConfigurationList section */
		AA15DFBA23C0389B00BF6807 /* Build configuration list for PBXProject "semaphoreTest" */ = {
			isa = XCConfigurationList;
			buildConfigurations = (
				AA15DFD123C0389F00BF6807 /* Debug */,
				AA15DFD223C0389F00BF6807 /* Release */,
			);
			defaultConfigurationIsVisible = 0;
			defaultConfigurationName = Release;
		};
		AA15DFD323C0389F00BF6807 /* Build configuration list for PBXNativeTarget "semaphoreTest" */ = {
			isa = XCConfigurationList;
			buildConfigurations = (
				AA15DFD423C0389F00BF6807 /* Debug */,
				AA15DFD523C0389F00BF6807 /* Release */,
			);
			defaultConfigurationIsVisible = 0;
			defaultConfigurationName = Release;
		};
/* End XCConfigurationList section */
	};
	rootObject = AA15DFB723C0389B00BF6807 /* Project object */;
}
